
Microsoft Visual Studio Solution File, Format Version 12.00
# Visual Studio Version 17
VisualStudioVersion = 17.6.33829.357
MinimumVisualStudioVersion = 10.0.40219.1
Project("{FAE04EC0-301F-11D3-BF4B-00C04F79EFBC}") = "InventoryChallenge.WebApp", "InventoryChallenge.WebApp\InventoryChallenge.WebApp.csproj", "{8D9C16D6-C6A5-40BB-B7B3-4F9257ED16A5}"
EndProject
Global
	GlobalSection(SolutionConfigurationPlatforms) = preSolution
		Debug|Any CPU = Debug|Any CPU
		Release|Any CPU = Release|Any CPU
	EndGlobalSection
	GlobalSection(ProjectConfigurationPlatforms) = postSolution
		{8D9C16D6-C6A5-40BB-B7B3-4F9257ED16A5}.Debug|Any CPU.ActiveCfg = Debug|Any CPU
		{8D9C16D6-C6A5-40BB-B7B3-4F9257ED16A5}.Debug|Any CPU.Build.0 = Debug|Any CPU
		{8D9C16D6-C6A5-40BB-B7B3-4F9257ED16A5}.Release|Any CPU.ActiveCfg = Release|Any CPU
		{8D9C16D6-C6A5-40BB-B7B3-4F9257ED16A5}.Release|Any CPU.Build.0 = Release|Any CPU
	EndGlobalSection
	GlobalSection(SolutionProperties) = preSolution
		HideSolutionNode = FALSE
	EndGlobalSection
	GlobalSection(ExtensibilityGlobals) = postSolution
		SolutionGuid = {291AEE6F-47BC-4DAC-8A43-864A1A129E5B}
	EndGlobalSection
EndGlobal
