
Microsoft Visual Studio Solution File, Format Version 12.00
# Visual Studio Version 17
VisualStudioVersion = 17.6.33829.357
MinimumVisualStudioVersion = 10.0.40219.1
Project("{FAE04EC0-301F-11D3-BF4B-00C04F79EFBC}") = "InventoryChallenge.WebApp", "InventoryChallenge.WebApp\InventoryChallenge.WebApp.csproj", "{8D9C16D6-C6A5-40BB-B7B3-4F9257ED16A5}"
EndProject
Project("{2150E333-8FDC-42A3-9474-1A3956D46DE8}") = "Applicaton", "Applicaton", "{C97D0953-4857-40AA-997E-43B8A56E19BF}"
EndProject
Project("{2150E333-8FDC-42A3-9474-1A3956D46DE8}") = "Tests", "Tests", "{63B75418-96C0-41AB-BC6A-335020664E7E}"
EndProject
Project("{2150E333-8FDC-42A3-9474-1A3956D46DE8}") = "Infrastructure", "Infrastructure", "{17AA04F0-5BAD-4A0C-8D17-6FE05E00084A}"
EndProject
Project("{FAE04EC0-301F-11D3-BF4B-00C04F79EFBC}") = "InventoryChallenge.IoC", "InventoryChallenge.IoC\InventoryChallenge.IoC.csproj", "{0E862922-BD7A-4D04-B7A5-A00FB6F2CEB8}"
EndProject
Project("{2150E333-8FDC-42A3-9474-1A3956D46DE8}") = "Contracts", "Contracts", "{C1EEA9BC-6141-438C-A134-ADBC3E8A1514}"
EndProject
Project("{FAE04EC0-301F-11D3-BF4B-00C04F79EFBC}") = "InventoryChallenge.Repository.Contract", "InventoryChallenge.Repository.Contract\InventoryChallenge.Repository.Contract.csproj", "{A17058FA-39B8-410A-B592-A46130CD0F8A}"
EndProject
Project("{2150E333-8FDC-42A3-9474-1A3956D46DE8}") = "Model", "Model", "{23011447-367A-4232-A9D0-EA8E402D1FD6}"
EndProject
Project("{FAE04EC0-301F-11D3-BF4B-00C04F79EFBC}") = "InventoryChallenge.Model", "InventoryChallenge.Model\InventoryChallenge.Model.csproj", "{F679C126-EB67-4728-926E-01B80211E6F8}"
EndProject
Project("{2150E333-8FDC-42A3-9474-1A3956D46DE8}") = "Repository", "Repository", "{03AFFB80-80FE-4073-889C-973E1B5EE407}"
EndProject
Project("{FAE04EC0-301F-11D3-BF4B-00C04F79EFBC}") = "InventoryChallenge.Repository", "InventoryChallenge.Repository\InventoryChallenge.Repository.csproj", "{894E76D4-0E2D-4334-8A11-E9EF797079AD}"
EndProject
Project("{2150E333-8FDC-42A3-9474-1A3956D46DE8}") = "Application", "Application", "{7B46358E-ADFC-4AA1-8620-3AC607831D9B}"
EndProject
Project("{FAE04EC0-301F-11D3-BF4B-00C04F79EFBC}") = "InventoryChallenge.Application", "InventoryChallenge.Application\InventoryChallenge.Application.csproj", "{40B5CD21-9B69-4A36-A252-DE1C9892E7BA}"
EndProject
Project("{FAE04EC0-301F-11D3-BF4B-00C04F79EFBC}") = "InventoryChallenge.EmailProvider.Contract", "InventoryChallenge.EmailProvider.Contract\InventoryChallenge.EmailProvider.Contract.csproj", "{5991F236-0194-4A06-96CA-B12BBB0C1E63}"
EndProject
Project("{2150E333-8FDC-42A3-9474-1A3956D46DE8}") = "Services", "Services", "{586FB4D1-10CA-4571-8393-3C69FC23D338}"
EndProject
Project("{2150E333-8FDC-42A3-9474-1A3956D46DE8}") = "EmailServices", "EmailServices", "{7040F956-C8C6-48A9-AF84-A1437AE1CE17}"
EndProject
Project("{FAE04EC0-301F-11D3-BF4B-00C04F79EFBC}") = "EmailService.Sendgrid", "EmailService.Sendgrid\EmailService.Sendgrid.csproj", "{3FD8840E-3987-4BA8-86C0-5B26F4A2D78B}"
EndProject
Project("{FAE04EC0-301F-11D3-BF4B-00C04F79EFBC}") = "EmailService.Twillio", "EmailService.Twillio\EmailService.Twillio.csproj", "{0FC54724-4DC1-40B6-9813-90B72FF5C20B}"
EndProject
Global
	GlobalSection(SolutionConfigurationPlatforms) = preSolution
		Debug|Any CPU = Debug|Any CPU
		Release|Any CPU = Release|Any CPU
	EndGlobalSection
	GlobalSection(ProjectConfigurationPlatforms) = postSolution
		{8D9C16D6-C6A5-40BB-B7B3-4F9257ED16A5}.Debug|Any CPU.ActiveCfg = Debug|Any CPU
		{8D9C16D6-C6A5-40BB-B7B3-4F9257ED16A5}.Debug|Any CPU.Build.0 = Debug|Any CPU
		{8D9C16D6-C6A5-40BB-B7B3-4F9257ED16A5}.Release|Any CPU.ActiveCfg = Release|Any CPU
		{8D9C16D6-C6A5-40BB-B7B3-4F9257ED16A5}.Release|Any CPU.Build.0 = Release|Any CPU
		{0E862922-BD7A-4D04-B7A5-A00FB6F2CEB8}.Debug|Any CPU.ActiveCfg = Debug|Any CPU
		{0E862922-BD7A-4D04-B7A5-A00FB6F2CEB8}.Debug|Any CPU.Build.0 = Debug|Any CPU
		{0E862922-BD7A-4D04-B7A5-A00FB6F2CEB8}.Release|Any CPU.ActiveCfg = Release|Any CPU
		{0E862922-BD7A-4D04-B7A5-A00FB6F2CEB8}.Release|Any CPU.Build.0 = Release|Any CPU
		{A17058FA-39B8-410A-B592-A46130CD0F8A}.Debug|Any CPU.ActiveCfg = Debug|Any CPU
		{A17058FA-39B8-410A-B592-A46130CD0F8A}.Debug|Any CPU.Build.0 = Debug|Any CPU
		{A17058FA-39B8-410A-B592-A46130CD0F8A}.Release|Any CPU.ActiveCfg = Release|Any CPU
		{A17058FA-39B8-410A-B592-A46130CD0F8A}.Release|Any CPU.Build.0 = Release|Any CPU
		{F679C126-EB67-4728-926E-01B80211E6F8}.Debug|Any CPU.ActiveCfg = Debug|Any CPU
		{F679C126-EB67-4728-926E-01B80211E6F8}.Debug|Any CPU.Build.0 = Debug|Any CPU
		{F679C126-EB67-4728-926E-01B80211E6F8}.Release|Any CPU.ActiveCfg = Release|Any CPU
		{F679C126-EB67-4728-926E-01B80211E6F8}.Release|Any CPU.Build.0 = Release|Any CPU
		{894E76D4-0E2D-4334-8A11-E9EF797079AD}.Debug|Any CPU.ActiveCfg = Debug|Any CPU
		{894E76D4-0E2D-4334-8A11-E9EF797079AD}.Debug|Any CPU.Build.0 = Debug|Any CPU
		{894E76D4-0E2D-4334-8A11-E9EF797079AD}.Release|Any CPU.ActiveCfg = Release|Any CPU
		{894E76D4-0E2D-4334-8A11-E9EF797079AD}.Release|Any CPU.Build.0 = Release|Any CPU
		{40B5CD21-9B69-4A36-A252-DE1C9892E7BA}.Debug|Any CPU.ActiveCfg = Debug|Any CPU
		{40B5CD21-9B69-4A36-A252-DE1C9892E7BA}.Debug|Any CPU.Build.0 = Debug|Any CPU
		{40B5CD21-9B69-4A36-A252-DE1C9892E7BA}.Release|Any CPU.ActiveCfg = Release|Any CPU
		{40B5CD21-9B69-4A36-A252-DE1C9892E7BA}.Release|Any CPU.Build.0 = Release|Any CPU
		{5991F236-0194-4A06-96CA-B12BBB0C1E63}.Debug|Any CPU.ActiveCfg = Debug|Any CPU
		{5991F236-0194-4A06-96CA-B12BBB0C1E63}.Debug|Any CPU.Build.0 = Debug|Any CPU
		{5991F236-0194-4A06-96CA-B12BBB0C1E63}.Release|Any CPU.ActiveCfg = Release|Any CPU
		{5991F236-0194-4A06-96CA-B12BBB0C1E63}.Release|Any CPU.Build.0 = Release|Any CPU
		{3FD8840E-3987-4BA8-86C0-5B26F4A2D78B}.Debug|Any CPU.ActiveCfg = Debug|Any CPU
		{3FD8840E-3987-4BA8-86C0-5B26F4A2D78B}.Debug|Any CPU.Build.0 = Debug|Any CPU
		{3FD8840E-3987-4BA8-86C0-5B26F4A2D78B}.Release|Any CPU.ActiveCfg = Release|Any CPU
		{3FD8840E-3987-4BA8-86C0-5B26F4A2D78B}.Release|Any CPU.Build.0 = Release|Any CPU
		{0FC54724-4DC1-40B6-9813-90B72FF5C20B}.Debug|Any CPU.ActiveCfg = Debug|Any CPU
		{0FC54724-4DC1-40B6-9813-90B72FF5C20B}.Debug|Any CPU.Build.0 = Debug|Any CPU
		{0FC54724-4DC1-40B6-9813-90B72FF5C20B}.Release|Any CPU.ActiveCfg = Release|Any CPU
		{0FC54724-4DC1-40B6-9813-90B72FF5C20B}.Release|Any CPU.Build.0 = Release|Any CPU
	EndGlobalSection
	GlobalSection(SolutionProperties) = preSolution
		HideSolutionNode = FALSE
	EndGlobalSection
	GlobalSection(NestedProjects) = preSolution
		{17AA04F0-5BAD-4A0C-8D17-6FE05E00084A} = {C97D0953-4857-40AA-997E-43B8A56E19BF}
		{0E862922-BD7A-4D04-B7A5-A00FB6F2CEB8} = {17AA04F0-5BAD-4A0C-8D17-6FE05E00084A}
		{C1EEA9BC-6141-438C-A134-ADBC3E8A1514} = {C97D0953-4857-40AA-997E-43B8A56E19BF}
		{A17058FA-39B8-410A-B592-A46130CD0F8A} = {C1EEA9BC-6141-438C-A134-ADBC3E8A1514}
		{23011447-367A-4232-A9D0-EA8E402D1FD6} = {C97D0953-4857-40AA-997E-43B8A56E19BF}
		{F679C126-EB67-4728-926E-01B80211E6F8} = {23011447-367A-4232-A9D0-EA8E402D1FD6}
		{03AFFB80-80FE-4073-889C-973E1B5EE407} = {C97D0953-4857-40AA-997E-43B8A56E19BF}
		{894E76D4-0E2D-4334-8A11-E9EF797079AD} = {03AFFB80-80FE-4073-889C-973E1B5EE407}
		{7B46358E-ADFC-4AA1-8620-3AC607831D9B} = {C97D0953-4857-40AA-997E-43B8A56E19BF}
		{40B5CD21-9B69-4A36-A252-DE1C9892E7BA} = {7B46358E-ADFC-4AA1-8620-3AC607831D9B}
		{5991F236-0194-4A06-96CA-B12BBB0C1E63} = {C1EEA9BC-6141-438C-A134-ADBC3E8A1514}
		{586FB4D1-10CA-4571-8393-3C69FC23D338} = {C97D0953-4857-40AA-997E-43B8A56E19BF}
		{7040F956-C8C6-48A9-AF84-A1437AE1CE17} = {586FB4D1-10CA-4571-8393-3C69FC23D338}
		{3FD8840E-3987-4BA8-86C0-5B26F4A2D78B} = {7040F956-C8C6-48A9-AF84-A1437AE1CE17}
		{0FC54724-4DC1-40B6-9813-90B72FF5C20B} = {7040F956-C8C6-48A9-AF84-A1437AE1CE17}
	EndGlobalSection
	GlobalSection(ExtensibilityGlobals) = postSolution
		SolutionGuid = {291AEE6F-47BC-4DAC-8A43-864A1A129E5B}
	EndGlobalSection
EndGlobal
